{
  "version": 1,
  "dependencies": {
    "net10.0": {
      "DotNet.ReproducibleBuilds": {
        "type": "Direct",
        "requested": "[2.0.2, )",
        "resolved": "2.0.2",
        "contentHash": "VaHoEN6YHp0jXucxm67vfuRy8zo9ufiKSuaZ4ZudRi8xmWcEFMKxfCsg2nvYNvdISFTURDu+IHqADGh53+Bamw=="
      },
      "Humanizer.Core": {
        "type": "Direct",
        "requested": "[3.0.10, )",
        "resolved": "3.0.10",
        "contentHash": "yZIhtw8sYuvsONzQbZxWpR60tMWYHXoo0DL6nyOqSFiU5POjBTSEyWFpTQtJEZuy+oqiYTXKXY/Mjx7KnqIQFw=="
      },
      "Microsoft.OpenApi": {
        "type": "Direct",
        "requested": "[3.6.0, )",
        "resolved": "3.6.0",
        "contentHash": "7iCo00kReXXXxESJMdFBV2LLUYiAa2n/3uIpgTWw1TxUfswUp/0O/QMn0Itp+58Be7H4cuPtPLAGvfwTYQ6BhA=="
      },
      "Microsoft.OpenApi.YamlReader": {
        "type": "Direct",
        "requested": "[3.6.0, )",
        "resolved": "3.6.0",
        "contentHash": "/032YG8DOcP4eBCPxgHcVY8A8hSClsU9v38l570AmSRx0VMnpiFfeQ9u/9AAEvNo+bM6dC5g950LNqXZDmnxZg==",
        "dependencies": {
          "Microsoft.OpenApi": "3.6.0",
          "SharpYaml": "2.1.4"
        }
      },
      "SharpYaml": {
        "type": "Transitive",
        "resolved": "2.1.4",
        "contentHash": "/iwULhVBpTjD4wPZhLU+eUWBanDvri/2AGx5YbaAj5kp9kXzhqUfJEy56H5Yi+c+OXsdm/oKD1aTKB24BFp8cw=="
      }
    }
  }
}